// !$*UTF8*$!
{
	archiveVersion = 1;
	classes = {
	};
	objectVersion = 50;
	objects = {

/* Begin PBXBuildFile section */
		D5071FE92344AA52008B04D2 /* SwiftUISampleView1.swift in Sources */ = {isa = PBXBuildFile; fileRef = D5071FE82344AA52008B04D2 /* SwiftUISampleView1.swift */; };
		D5071FEB2344AC05008B04D2 /* SwiftUIInUIKitPartiallyViewController.storyboard in Resources */ = {isa = PBXBuildFile; fileRef = D5071FEA2344AC05008B04D2 /* SwiftUIInUIKitPartiallyViewController.storyboard */; };
		D5071FED2344AC0F008B04D2 /* SwiftUIInUIKitPartiallyViewController.swift in Sources */ = {isa = PBXBuildFile; fileRef = D5071FEC2344AC0F008B04D2 /* SwiftUIInUIKitPartiallyViewController.swift */; };
		D5071FEF2344B28F008B04D2 /* SwiftUISampleView2.swift in Sources */ = {isa = PBXBuildFile; fileRef = D5071FEE2344B28F008B04D2 /* SwiftUISampleView2.swift */; };
		D5071FF12344B324008B04D2 /* CustomTextFieldView.swift in Sources */ = {isa = PBXBuildFile; fileRef = D5071FF02344B324008B04D2 /* CustomTextFieldView.swift */; };
		D59057022343581E001BC550 /* AppDelegate.swift in Sources */ = {isa = PBXBuildFile; fileRef = D59057012343581E001BC550 /* AppDelegate.swift */; };
		D59057042343581E001BC550 /* SceneDelegate.swift in Sources */ = {isa = PBXBuildFile; fileRef = D59057032343581E001BC550 /* SceneDelegate.swift */; };
		D59057062343581E001BC550 /* ContentView.swift in Sources */ = {isa = PBXBuildFile; fileRef = D59057052343581E001BC550 /* ContentView.swift */; };
		D59057082343581F001BC550 /* Assets.xcassets in Resources */ = {isa = PBXBuildFile; fileRef = D59057072343581F001BC550 /* Assets.xcassets */; };
		D590570B2343581F001BC550 /* Preview Assets.xcassets in Resources */ = {isa = PBXBuildFile; fileRef = D590570A2343581F001BC550 /* Preview Assets.xcassets */; };
		D590570E2343581F001BC550 /* LaunchScreen.storyboard in Resources */ = {isa = PBXBuildFile; fileRef = D590570C2343581F001BC550 /* LaunchScreen.storyboard */; };
		D59057162343586D001BC550 /* MainViewController.swift in Sources */ = {isa = PBXBuildFile; fileRef = D59057152343586D001BC550 /* MainViewController.swift */; };
		D590571823435875001BC550 /* MainViewController.storyboard in Resources */ = {isa = PBXBuildFile; fileRef = D590571723435875001BC550 /* MainViewController.storyboard */; };
/* End PBXBuildFile section */

/* Begin PBXFileReference section */
		D5071FE82344AA52008B04D2 /* SwiftUISampleView1.swift */ = {isa = PBXFileReference; lastKnownFileType = sourcecode.swift; path = SwiftUISampleView1.swift; sourceTree = "<group>"; };
		D5071FEA2344AC05008B04D2 /* SwiftUIInUIKitPartiallyViewController.storyboard */ = {isa = PBXFileReference; lastKnownFileType = file.storyboard; path = SwiftUIInUIKitPartiallyViewController.storyboard; sourceTree = "<group>"; };
		D5071FEC2344AC0F008B04D2 /* SwiftUIInUIKitPartiallyViewController.swift */ = {isa = PBXFileReference; lastKnownFileType = sourcecode.swift; path = SwiftUIInUIKitPartiallyViewController.swift; sourceTree = "<group>"; };
		D5071FEE2344B28F008B04D2 /* SwiftUISampleView2.swift */ = {isa = PBXFileReference; lastKnownFileType = sourcecode.swift; path = SwiftUISampleView2.swift; sourceTree = "<group>"; };
		D5071FF02344B324008B04D2 /* CustomTextFieldView.swift */ = {isa = PBXFileReference; lastKnownFileType = sourcecode.swift; path = CustomTextFieldView.swift; sourceTree = "<group>"; };
		D59056FE2343581E001BC550 /* UIKit_SwiftUI.app */ = {isa = PBXFileReference; explicitFileType = wrapper.application; includeInIndex = 0; path = UIKit_SwiftUI.app; sourceTree = BUILT_PRODUCTS_DIR; };
		D59057012343581E001BC550 /* AppDelegate.swift */ = {isa = PBXFileReference; lastKnownFileType = sourcecode.swift; path = AppDelegate.swift; sourceTree = "<group>"; };
		D59057032343581E001BC550 /* SceneDelegate.swift */ = {isa = PBXFileReference; lastKnownFileType = sourcecode.swift; path = SceneDelegate.swift; sourceTree = "<group>"; };
		D59057052343581E001BC550 /* ContentView.swift */ = {isa = PBXFileReference; lastKnownFileType = sourcecode.swift; path = ContentView.swift; sourceTree = "<group>"; };
		D59057072343581F001BC550 /* Assets.xcassets */ = {isa = PBXFileReference; lastKnownFileType = folder.assetcatalog; path = Assets.xcassets; sourceTree = "<group>"; };
		D590570A2343581F001BC550 /* Preview Assets.xcassets */ = {isa = PBXFileReference; lastKnownFileType = folder.assetcatalog; path = "Preview Assets.xcassets"; sourceTree = "<group>"; };
		D590570D2343581F001BC550 /* Base */ = {isa = PBXFileReference; lastKnownFileType = file.storyboard; name = Base; path = Base.lproj/LaunchScreen.storyboard; sourceTree = "<group>"; };
		D590570F2343581F001BC550 /* Info.plist */ = {isa = PBXFileReference; lastKnownFileType = text.plist.xml; path = Info.plist; sourceTree = "<group>"; };
		D59057152343586D001BC550 /* MainViewController.swift */ = {isa = PBXFileReference; lastKnownFileType = sourcecode.swift; path = MainViewController.swift; sourceTree = "<group>"; };
		D590571723435875001BC550 /* MainViewController.storyboard */ = {isa = PBXFileReference; lastKnownFileType = file.storyboard; path = MainViewController.storyboard; sourceTree = "<group>"; };
/* End PBXFileReference section */

/* Begin PBXFrameworksBuildPhase section */
		D59056FB2343581E001BC550 /* Frameworks */ = {
			isa = PBXFrameworksBuildPhase;
			buildActionMask = 2147483647;
			files = (
			);
			runOnlyForDeploymentPostprocessing = 0;
		};
/* End PBXFrameworksBuildPhase section */

/* Begin PBXGroup section */
		D59056F52343581E001BC550 = {
			isa = PBXGroup;
			children = (
				D59057002343581E001BC550 /* UIKit_SwiftUI */,
				D59056FF2343581E001BC550 /* Products */,
			);
			sourceTree = "<group>";
		};
		D59056FF2343581E001BC550 /* Products */ = {
			isa = PBXGroup;
			children = (
				D59056FE2343581E001BC550 /* UIKit_SwiftUI.app */,
			);
			name = Products;
			sourceTree = "<group>";
		};
		D59057002343581E001BC550 /* UIKit_SwiftUI */ = {
			isa = PBXGroup;
			children = (
				D59057012343581E001BC550 /* AppDelegate.swift */,
				D59057032343581E001BC550 /* SceneDelegate.swift */,
				D59057052343581E001BC550 /* ContentView.swift */,
				D590571723435875001BC550 /* MainViewController.storyboard */,
				D59057152343586D001BC550 /* MainViewController.swift */,
				D5071FE82344AA52008B04D2 /* SwiftUISampleView1.swift */,
				D5071FEA2344AC05008B04D2 /* SwiftUIInUIKitPartiallyViewController.storyboard */,
				D5071FEC2344AC0F008B04D2 /* SwiftUIInUIKitPartiallyViewController.swift */,
				D5071FEE2344B28F008B04D2 /* SwiftUISampleView2.swift */,
				D5071FF02344B324008B04D2 /* CustomTextFieldView.swift */,
				D59057072343581F001BC550 /* Assets.xcassets */,
				D590570C2343581F001BC550 /* LaunchScreen.storyboard */,
				D590570F2343581F001BC550 /* Info.plist */,
				D59057092343581F001BC550 /* Preview Content */,
			);
			path = UIKit_SwiftUI;
			sourceTree = "<group>";
		};
		D59057092343581F001BC550 /* Preview Content */ = {
			isa = PBXGroup;
			children = (
				D590570A2343581F001BC550 /* Preview Assets.xcassets */,
			);
			path = "Preview Content";
			sourceTree = "<group>";
		};
/* End PBXGroup section */

/* Begin PBXNativeTarget section */
		D59056FD2343581E001BC550 /* UIKit_SwiftUI */ = {
			isa = PBXNativeTarget;
			buildConfigurationList = D59057122343581F001BC550 /* Build configuration list for PBXNativeTarget "UIKit_SwiftUI" */;
			buildPhases = (
				D59056FA2343581E001BC550 /* Sources */,
				D59056FB2343581E001BC550 /* Frameworks */,
				D59056FC2343581E001BC550 /* Resources */,
			);
			buildRules = (
			);
			dependencies = (
			);
			name = UIKit_SwiftUI;
			productName = UIKit_SwiftUI;
			productReference = D59056FE2343581E001BC550 /* UIKit_SwiftUI.app */;
			productType = "com.apple.product-type.application";
		};
/* End PBXNativeTarget section */

/* Begin PBXProject section */
		D59056F62343581E001BC550 /* Project object */ = {
			isa = PBXProject;
			attributes = {
				LastSwiftUpdateCheck = 1100;
				LastUpgradeCheck = 1100;
				ORGANIZATIONNAME = Classmethod;
				TargetAttributes = {
					D59056FD2343581E001BC550 = {
						CreatedOnToolsVersion = 11.0;
					};
				};
			};
			buildConfigurationList = D59056F92343581E001BC550 /* Build configuration list for PBXProject "UIKit_SwiftUI" */;
			compatibilityVersion = "Xcode 9.3";
			developmentRegion = en;
			hasScannedForEncodings = 0;
			knownRegions = (
				en,
				Base,
			);
			mainGroup = D59056F52343581E001BC550;
			productRefGroup = D59056FF2343581E001BC550 /* Products */;
			projectDirPath = "";
			projectRoot = "";
			targets = (
				D59056FD2343581E001BC550 /* UIKit_SwiftUI */,
			);
		};
/* End PBXProject section */

/* Begin PBXResourcesBuildPhase section */
		D59056FC2343581E001BC550 /* Resources */ = {
			isa = PBXResourcesBuildPhase;
			buildActionMask = 2147483647;
			files = (
				D590571823435875001BC550 /* MainViewController.storyboard in Resources */,
				D590570E2343581F001BC550 /* LaunchScreen.storyboard in Resources */,
				D5071FEB2344AC05008B04D2 /* SwiftUIInUIKitPartiallyViewController.storyboard in Resources */,
				D590570B2343581F001BC550 /* Preview Assets.xcassets in Resources */,
				D59057082343581F001BC550 /* Assets.xcassets in Resources */,
			);
			runOnlyForDeploymentPostprocessing = 0;
		};
/* End PBXResourcesBuildPhase section */

/* Begin PBXSourcesBuildPhase section */
		D59056FA2343581E001BC550 /* Sources */ = {
			isa = PBXSourcesBuildPhase;
			buildActionMask = 2147483647;
			files = (
				D5071FEF2344B28F008B04D2 /* SwiftUISampleView2.swift in Sources */,
				D59057022343581E001BC550 /* AppDelegate.swift in Sources */,
				D5071FE92344AA52008B04D2 /* SwiftUISampleView1.swift in Sources */,
				D5071FF12344B324008B04D2 /* CustomTextFieldView.swift in Sources */,
				D59057042343581E001BC550 /* SceneDelegate.swift in Sources */,
				D5071FED2344AC0F008B04D2 /* SwiftUIInUIKitPartiallyViewController.swift in Sources */,
				D59057062343581E001BC550 /* ContentView.swift in Sources */,
				D59057162343586D001BC550 /* MainViewController.swift in Sources */,
			);
			runOnlyForDeploymentPostprocessing = 0;
		};
/* End PBXSourcesBuildPhase section */

/* Begin PBXVariantGroup section */
		D590570C2343581F001BC550 /* LaunchScreen.storyboard */ = {
			isa = PBXVariantGroup;
			children = (
				D590570D2343581F001BC550 /* Base */,
			);
			name = LaunchScreen.storyboard;
			sourceTree = "<group>";
		};
/* End PBXVariantGroup section */

/* Begin XCBuildConfiguration section */
		D59057102343581F001BC550 /* Debug */ = {
			isa = XCBuildConfiguration;
			buildSettings = {
				ALWAYS_SEARCH_USER_PATHS = NO;
				CLANG_ANALYZER_NONNULL = YES;
				CLANG_ANALYZER_NUMBER_OBJECT_CONVERSION = YES_AGGRESSIVE;
				CLANG_CXX_LANGUAGE_STANDARD = "gnu++14";
				CLANG_CXX_LIBRARY = "libc++";
				CLANG_ENABLE_MODULES = YES;
				CLANG_ENABLE_OBJC_ARC = YES;
				CLANG_ENABLE_OBJC_WEAK = YES;
				CLANG_WARN_BLOCK_CAPTURE_AUTORELEASING = YES;
				CLANG_WARN_BOOL_CONVERSION = YES;
				CLANG_WARN_COMMA = YES;
				CLANG_WARN_CONSTANT_CONVERSION = YES;
				CLANG_WARN_DEPRECATED_OBJC_IMPLEMENTATIONS = YES;
				CLANG_WARN_DIRECT_OBJC_ISA_USAGE = YES_ERROR;
				CLANG_WARN_DOCUMENTATION_COMMENTS = YES;
				CLANG_WARN_EMPTY_BODY = YES;
				CLANG_WARN_ENUM_CONVERSION = YES;
				CLANG_WARN_INFINITE_RECURSION = YES;
				CLANG_WARN_INT_CONVERSION = YES;
				CLANG_WARN_NON_LITERAL_NULL_CONVERSION = YES;
				CLANG_WARN_OBJC_IMPLICIT_RETAIN_SELF = YES;
				CLANG_WARN_OBJC_LITERAL_CONVERSION = YES;
				CLANG_WARN_OBJC_ROOT_CLASS = YES_ERROR;
				CLANG_WARN_RANGE_LOOP_ANALYSIS = YES;
				CLANG_WARN_STRICT_PROTOTYPES = YES;
				CLANG_WARN_SUSPICIOUS_MOVE = YES;
				CLANG_WARN_UNGUARDED_AVAILABILITY = YES_AGGRESSIVE;
				CLANG_WARN_UNREACHABLE_CODE = YES;
				CLANG_WARN__DUPLICATE_METHOD_MATCH = YES;
				COPY_PHASE_STRIP = NO;
				DEBUG_INFORMATION_FORMAT = dwarf;
				ENABLE_STRICT_OBJC_MSGSEND = YES;
				ENABLE_TESTABILITY = YES;
				GCC_C_LANGUAGE_STANDARD = gnu11;
				GCC_DYNAMIC_NO_PIC = NO;
				GCC_NO_COMMON_BLOCKS = YES;
				GCC_OPTIMIZATION_LEVEL = 0;
				GCC_PREPROCESSOR_DEFINITIONS = (
					"DEBUG=1",
					"$(inherited)",
				);
				GCC_WARN_64_TO_32_BIT_CONVERSION = YES;
				GCC_WARN_ABOUT_RETURN_TYPE = YES_ERROR;
				GCC_WARN_UNDECLARED_SELECTOR = YES;
				GCC_WARN_UNINITIALIZED_AUTOS = YES_AGGRESSIVE;
				GCC_WARN_UNUSED_FUNCTION = YES;
				GCC_WARN_UNUSED_VARIABLE = YES;
				IPHONEOS_DEPLOYMENT_TARGET = 13.0;
				MTL_ENABLE_DEBUG_INFO = INCLUDE_SOURCE;
				MTL_FAST_MATH = YES;
				ONLY_ACTIVE_ARCH = YES;
				SDKROOT = iphoneos;
				SWIFT_ACTIVE_COMPILATION_CONDITIONS = DEBUG;
				SWIFT_OPTIMIZATION_LEVEL = "-Onone";
			};
			name = Debug;
		};
		D59057112343581F001BC550 /* Release */ = {
			isa = XCBuildConfiguration;
			buildSettings = {
				ALWAYS_SEARCH_USER_PATHS = NO;
				CLANG_ANALYZER_NONNULL = YES;
				CLANG_ANALYZER_NUMBER_OBJECT_CONVERSION = YES_AGGRESSIVE;
				CLANG_CXX_LANGUAGE_STANDARD = "gnu++14";
				CLANG_CXX_LIBRARY = "libc++";
				CLANG_ENABLE_MODULES = YES;
				CLANG_ENABLE_OBJC_ARC = YES;
				CLANG_ENABLE_OBJC_WEAK = YES;
				CLANG_WARN_BLOCK_CAPTURE_AUTORELEASING = YES;
				CLANG_WARN_BOOL_CONVERSION = YES;
				CLANG_WARN_COMMA = YES;
				CLANG_WARN_CONSTANT_CONVERSION = YES;
				CLANG_WARN_DEPRECATED_OBJC_IMPLEMENTATIONS = YES;
				CLANG_WARN_DIRECT_OBJC_ISA_USAGE = YES_ERROR;
				CLANG_WARN_DOCUMENTATION_COMMENTS = YES;
				CLANG_WARN_EMPTY_BODY = YES;
				CLANG_WARN_ENUM_CONVERSION = YES;
				CLANG_WARN_INFINITE_RECURSION = YES;
				CLANG_WARN_INT_CONVERSION = YES;
				CLANG_WARN_NON_LITERAL_NULL_CONVERSION = YES;
				CLANG_WARN_OBJC_IMPLICIT_RETAIN_SELF = YES;
				CLANG_WARN_OBJC_LITERAL_CONVERSION = YES;
				CLANG_WARN_OBJC_ROOT_CLASS = YES_ERROR;
				CLANG_WARN_RANGE_LOOP_ANALYSIS = YES;
				CLANG_WARN_STRICT_PROTOTYPES = YES;
				CLANG_WARN_SUSPICIOUS_MOVE = YES;
				CLANG_WARN_UNGUARDED_AVAILABILITY = YES_AGGRESSIVE;
				CLANG_WARN_UNREACHABLE_CODE = YES;
				CLANG_WARN__DUPLICATE_METHOD_MATCH = YES;
				COPY_PHASE_STRIP = NO;
				DEBUG_INFORMATION_FORMAT = "dwarf-with-dsym";
				ENABLE_NS_ASSERTIONS = NO;
				ENABLE_STRICT_OBJC_MSGSEND = YES;
				GCC_C_LANGUAGE_STANDARD = gnu11;
				GCC_NO_COMMON_BLOCKS = YES;
				GCC_WARN_64_TO_32_BIT_CONVERSION = YES;
				GCC_WARN_ABOUT_RETURN_TYPE = YES_ERROR;
				GCC_WARN_UNDECLARED_SELECTOR = YES;
				GCC_WARN_UNINITIALIZED_AUTOS = YES_AGGRESSIVE;
				GCC_WARN_UNUSED_FUNCTION = YES;
				GCC_WARN_UNUSED_VARIABLE = YES;
				IPHONEOS_DEPLOYMENT_TARGET = 13.0;
				MTL_ENABLE_DEBUG_INFO = NO;
				MTL_FAST_MATH = YES;
				SDKROOT = iphoneos;
				SWIFT_COMPILATION_MODE = wholemodule;
				SWIFT_OPTIMIZATION_LEVEL = "-O";
				VALIDATE_PRODUCT = YES;
			};
			name = Release;
		};
		D59057132343581F001BC550 /* Debug */ = {
			isa = XCBuildConfiguration;
			buildSettings = {
				ASSETCATALOG_COMPILER_APPICON_NAME = AppIcon;
				CODE_SIGN_STYLE = Automatic;
				DEVELOPMENT_ASSET_PATHS = "\"UIKit_SwiftUI/Preview Content\"";
				DEVELOPMENT_TEAM = K75PB9VKYT;
				ENABLE_PREVIEWS = YES;
				INFOPLIST_FILE = UIKit_SwiftUI/Info.plist;
				LD_RUNPATH_SEARCH_PATHS = (
					"$(inherited)",
					"@executable_path/Frameworks",
				);
				PRODUCT_BUNDLE_IDENTIFIER = "jp.classmethod.UIKit-SwiftUI";
				PRODUCT_NAME = "$(TARGET_NAME)";
				SWIFT_VERSION = 5.0;
				TARGETED_DEVICE_FAMILY = "1,2";
			};
			name = Debug;
		};
		D59057142343581F001BC550 /* Release */ = {
			isa = XCBuildConfiguration;
			buildSettings = {
				ASSETCATALOG_COMPILER_APPICON_NAME = AppIcon;
				CODE_SIGN_STYLE = Automatic;
				DEVELOPMENT_ASSET_PATHS = "\"UIKit_SwiftUI/Preview Content\"";
				DEVELOPMENT_TEAM = K75PB9VKYT;
				ENABLE_PREVIEWS = YES;
				INFOPLIST_FILE = UIKit_SwiftUI/Info.plist;
				LD_RUNPATH_SEARCH_PATHS = (
					"$(inherited)",
					"@executable_path/Frameworks",
				);
				PRODUCT_BUNDLE_IDENTIFIER = "jp.classmethod.UIKit-SwiftUI";
				PRODUCT_NAME = "$(TARGET_NAME)";
				SWIFT_VERSION = 5.0;
				TARGETED_DEVICE_FAMILY = "1,2";
			};
			name = Release;
		};
/* End XCBuildConfiguration section */

/* Begin XCConfigurationList section */
		D59056F92343581E001BC550 /* Build configuration list for PBXProject "UIKit_SwiftUI" */ = {
			isa = XCConfigurationList;
			buildConfigurations = (
				D59057102343581F001BC550 /* Debug */,
				D59057112343581F001BC550 /* Release */,
			);
			defaultConfigurationIsVisible = 0;
			defaultConfigurationName = Release;
		};
		D59057122343581F001BC550 /* Build configuration list for PBXNativeTarget "UIKit_SwiftUI" */ = {
			isa = XCConfigurationList;
			buildConfigurations = (
				D59057132343581F001BC550 /* Debug */,
				D59057142343581F001BC550 /* Release */,
			);
			defaultConfigurationIsVisible = 0;
			defaultConfigurationName = Release;
		};
/* End XCConfigurationList section */
	};
	rootObject = D59056F62343581E001BC550 /* Project object */;
}
