// !$*UTF8*$!
{
	archiveVersion = 1;
	classes = {
	};
	objectVersion = 50;
	objects = {

/* Begin PBXBuildFile section */
		D59056D823433EB3001BC550 /* AppDelegate.swift in Sources */ = {isa = PBXBuildFile; fileRef = D59056D723433EB3001BC550 /* AppDelegate.swift */; };
		D59056DA23433EB3001BC550 /* SceneDelegate.swift in Sources */ = {isa = PBXBuildFile; fileRef = D59056D923433EB3001BC550 /* SceneDelegate.swift */; };
		D59056DC23433EB3001BC550 /* ContentView.swift in Sources */ = {isa = PBXBuildFile; fileRef = D59056DB23433EB3001BC550 /* ContentView.swift */; };
		D59056DE23433EB5001BC550 /* Assets.xcassets in Resources */ = {isa = PBXBuildFile; fileRef = D59056DD23433EB5001BC550 /* Assets.xcassets */; };
		D59056E123433EB5001BC550 /* Preview Assets.xcassets in Resources */ = {isa = PBXBuildFile; fileRef = D59056E023433EB5001BC550 /* Preview Assets.xcassets */; };
		D59056E423433EB5001BC550 /* LaunchScreen.storyboard in Resources */ = {isa = PBXBuildFile; fileRef = D59056E223433EB5001BC550 /* LaunchScreen.storyboard */; };
		D59056EC23433FB8001BC550 /* StateSampleView.swift in Sources */ = {isa = PBXBuildFile; fileRef = D59056EB23433FB8001BC550 /* StateSampleView.swift */; };
		D59056EE234340D6001BC550 /* BindingSampleView.swift in Sources */ = {isa = PBXBuildFile; fileRef = D59056ED234340D6001BC550 /* BindingSampleView.swift */; };
/* End PBXBuildFile section */

/* Begin PBXFileReference section */
		D59056D423433EB3001BC550 /* DataFlowSample.app */ = {isa = PBXFileReference; explicitFileType = wrapper.application; includeInIndex = 0; path = DataFlowSample.app; sourceTree = BUILT_PRODUCTS_DIR; };
		D59056D723433EB3001BC550 /* AppDelegate.swift */ = {isa = PBXFileReference; lastKnownFileType = sourcecode.swift; path = AppDelegate.swift; sourceTree = "<group>"; };
		D59056D923433EB3001BC550 /* SceneDelegate.swift */ = {isa = PBXFileReference; lastKnownFileType = sourcecode.swift; path = SceneDelegate.swift; sourceTree = "<group>"; };
		D59056DB23433EB3001BC550 /* ContentView.swift */ = {isa = PBXFileReference; lastKnownFileType = sourcecode.swift; path = ContentView.swift; sourceTree = "<group>"; };
		D59056DD23433EB5001BC550 /* Assets.xcassets */ = {isa = PBXFileReference; lastKnownFileType = folder.assetcatalog; path = Assets.xcassets; sourceTree = "<group>"; };
		D59056E023433EB5001BC550 /* Preview Assets.xcassets */ = {isa = PBXFileReference; lastKnownFileType = folder.assetcatalog; path = "Preview Assets.xcassets"; sourceTree = "<group>"; };
		D59056E323433EB5001BC550 /* Base */ = {isa = PBXFileReference; lastKnownFileType = file.storyboard; name = Base; path = Base.lproj/LaunchScreen.storyboard; sourceTree = "<group>"; };
		D59056E523433EB5001BC550 /* Info.plist */ = {isa = PBXFileReference; lastKnownFileType = text.plist.xml; path = Info.plist; sourceTree = "<group>"; };
		D59056EB23433FB8001BC550 /* StateSampleView.swift */ = {isa = PBXFileReference; lastKnownFileType = sourcecode.swift; path = StateSampleView.swift; sourceTree = "<group>"; };
		D59056ED234340D6001BC550 /* BindingSampleView.swift */ = {isa = PBXFileReference; lastKnownFileType = sourcecode.swift; path = BindingSampleView.swift; sourceTree = "<group>"; };
/* End PBXFileReference section */

/* Begin PBXFrameworksBuildPhase section */
		D59056D123433EB3001BC550 /* Frameworks */ = {
			isa = PBXFrameworksBuildPhase;
			buildActionMask = 2147483647;
			files = (
			);
			runOnlyForDeploymentPostprocessing = 0;
		};
/* End PBXFrameworksBuildPhase section */

/* Begin PBXGroup section */
		D59056CB23433EB3001BC550 = {
			isa = PBXGroup;
			children = (
				D59056D623433EB3001BC550 /* DataFlowSample */,
				D59056D523433EB3001BC550 /* Products */,
			);
			sourceTree = "<group>";
		};
		D59056D523433EB3001BC550 /* Products */ = {
			isa = PBXGroup;
			children = (
				D59056D423433EB3001BC550 /* DataFlowSample.app */,
			);
			name = Products;
			sourceTree = "<group>";
		};
		D59056D623433EB3001BC550 /* DataFlowSample */ = {
			isa = PBXGroup;
			children = (
				D59056D723433EB3001BC550 /* AppDelegate.swift */,
				D59056D923433EB3001BC550 /* SceneDelegate.swift */,
				D59056DB23433EB3001BC550 /* ContentView.swift */,
				D59056EB23433FB8001BC550 /* StateSampleView.swift */,
				D59056ED234340D6001BC550 /* BindingSampleView.swift */,
				D59056DD23433EB5001BC550 /* Assets.xcassets */,
				D59056E223433EB5001BC550 /* LaunchScreen.storyboard */,
				D59056E523433EB5001BC550 /* Info.plist */,
				D59056DF23433EB5001BC550 /* Preview Content */,
			);
			path = DataFlowSample;
			sourceTree = "<group>";
		};
		D59056DF23433EB5001BC550 /* Preview Content */ = {
			isa = PBXGroup;
			children = (
				D59056E023433EB5001BC550 /* Preview Assets.xcassets */,
			);
			path = "Preview Content";
			sourceTree = "<group>";
		};
/* End PBXGroup section */

/* Begin PBXNativeTarget section */
		D59056D323433EB3001BC550 /* DataFlowSample */ = {
			isa = PBXNativeTarget;
			buildConfigurationList = D59056E823433EB5001BC550 /* Build configuration list for PBXNativeTarget "DataFlowSample" */;
			buildPhases = (
				D59056D023433EB3001BC550 /* Sources */,
				D59056D123433EB3001BC550 /* Frameworks */,
				D59056D223433EB3001BC550 /* Resources */,
			);
			buildRules = (
			);
			dependencies = (
			);
			name = DataFlowSample;
			productName = DataFlowSample;
			productReference = D59056D423433EB3001BC550 /* DataFlowSample.app */;
			productType = "com.apple.product-type.application";
		};
/* End PBXNativeTarget section */

/* Begin PBXProject section */
		D59056CC23433EB3001BC550 /* Project object */ = {
			isa = PBXProject;
			attributes = {
				LastSwiftUpdateCheck = 1100;
				LastUpgradeCheck = 1100;
				ORGANIZATIONNAME = Classmethod;
				TargetAttributes = {
					D59056D323433EB3001BC550 = {
						CreatedOnToolsVersion = 11.0;
					};
				};
			};
			buildConfigurationList = D59056CF23433EB3001BC550 /* Build configuration list for PBXProject "DataFlowSample" */;
			compatibilityVersion = "Xcode 9.3";
			developmentRegion = en;
			hasScannedForEncodings = 0;
			knownRegions = (
				en,
				Base,
			);
			mainGroup = D59056CB23433EB3001BC550;
			productRefGroup = D59056D523433EB3001BC550 /* Products */;
			projectDirPath = "";
			projectRoot = "";
			targets = (
				D59056D323433EB3001BC550 /* DataFlowSample */,
			);
		};
/* End PBXProject section */

/* Begin PBXResourcesBuildPhase section */
		D59056D223433EB3001BC550 /* Resources */ = {
			isa = PBXResourcesBuildPhase;
			buildActionMask = 2147483647;
			files = (
				D59056E423433EB5001BC550 /* LaunchScreen.storyboard in Resources */,
				D59056E123433EB5001BC550 /* Preview Assets.xcassets in Resources */,
				D59056DE23433EB5001BC550 /* Assets.xcassets in Resources */,
			);
			runOnlyForDeploymentPostprocessing = 0;
		};
/* End PBXResourcesBuildPhase section */

/* Begin PBXSourcesBuildPhase section */
		D59056D023433EB3001BC550 /* Sources */ = {
			isa = PBXSourcesBuildPhase;
			buildActionMask = 2147483647;
			files = (
				D59056D823433EB3001BC550 /* AppDelegate.swift in Sources */,
				D59056DA23433EB3001BC550 /* SceneDelegate.swift in Sources */,
				D59056EE234340D6001BC550 /* BindingSampleView.swift in Sources */,
				D59056EC23433FB8001BC550 /* StateSampleView.swift in Sources */,
				D59056DC23433EB3001BC550 /* ContentView.swift in Sources */,
			);
			runOnlyForDeploymentPostprocessing = 0;
		};
/* End PBXSourcesBuildPhase section */

/* Begin PBXVariantGroup section */
		D59056E223433EB5001BC550 /* LaunchScreen.storyboard */ = {
			isa = PBXVariantGroup;
			children = (
				D59056E323433EB5001BC550 /* Base */,
			);
			name = LaunchScreen.storyboard;
			sourceTree = "<group>";
		};
/* End PBXVariantGroup section */

/* Begin XCBuildConfiguration section */
		D59056E623433EB5001BC550 /* Debug */ = {
			isa = XCBuildConfiguration;
			buildSettings = {
				ALWAYS_SEARCH_USER_PATHS = NO;
				CLANG_ANALYZER_NONNULL = YES;
				CLANG_ANALYZER_NUMBER_OBJECT_CONVERSION = YES_AGGRESSIVE;
				CLANG_CXX_LANGUAGE_STANDARD = "gnu++14";
				CLANG_CXX_LIBRARY = "libc++";
				CLANG_ENABLE_MODULES = YES;
				CLANG_ENABLE_OBJC_ARC = YES;
				CLANG_ENABLE_OBJC_WEAK = YES;
				CLANG_WARN_BLOCK_CAPTURE_AUTORELEASING = YES;
				CLANG_WARN_BOOL_CONVERSION = YES;
				CLANG_WARN_COMMA = YES;
				CLANG_WARN_CONSTANT_CONVERSION = YES;
				CLANG_WARN_DEPRECATED_OBJC_IMPLEMENTATIONS = YES;
				CLANG_WARN_DIRECT_OBJC_ISA_USAGE = YES_ERROR;
				CLANG_WARN_DOCUMENTATION_COMMENTS = YES;
				CLANG_WARN_EMPTY_BODY = YES;
				CLANG_WARN_ENUM_CONVERSION = YES;
				CLANG_WARN_INFINITE_RECURSION = YES;
				CLANG_WARN_INT_CONVERSION = YES;
				CLANG_WARN_NON_LITERAL_NULL_CONVERSION = YES;
				CLANG_WARN_OBJC_IMPLICIT_RETAIN_SELF = YES;
				CLANG_WARN_OBJC_LITERAL_CONVERSION = YES;
				CLANG_WARN_OBJC_ROOT_CLASS = YES_ERROR;
				CLANG_WARN_RANGE_LOOP_ANALYSIS = YES;
				CLANG_WARN_STRICT_PROTOTYPES = YES;
				CLANG_WARN_SUSPICIOUS_MOVE = YES;
				CLANG_WARN_UNGUARDED_AVAILABILITY = YES_AGGRESSIVE;
				CLANG_WARN_UNREACHABLE_CODE = YES;
				CLANG_WARN__DUPLICATE_METHOD_MATCH = YES;
				COPY_PHASE_STRIP = NO;
				DEBUG_INFORMATION_FORMAT = dwarf;
				ENABLE_STRICT_OBJC_MSGSEND = YES;
				ENABLE_TESTABILITY = YES;
				GCC_C_LANGUAGE_STANDARD = gnu11;
				GCC_DYNAMIC_NO_PIC = NO;
				GCC_NO_COMMON_BLOCKS = YES;
				GCC_OPTIMIZATION_LEVEL = 0;
				GCC_PREPROCESSOR_DEFINITIONS = (
					"DEBUG=1",
					"$(inherited)",
				);
				GCC_WARN_64_TO_32_BIT_CONVERSION = YES;
				GCC_WARN_ABOUT_RETURN_TYPE = YES_ERROR;
				GCC_WARN_UNDECLARED_SELECTOR = YES;
				GCC_WARN_UNINITIALIZED_AUTOS = YES_AGGRESSIVE;
				GCC_WARN_UNUSED_FUNCTION = YES;
				GCC_WARN_UNUSED_VARIABLE = YES;
				IPHONEOS_DEPLOYMENT_TARGET = 13.0;
				MTL_ENABLE_DEBUG_INFO = INCLUDE_SOURCE;
				MTL_FAST_MATH = YES;
				ONLY_ACTIVE_ARCH = YES;
				SDKROOT = iphoneos;
				SWIFT_ACTIVE_COMPILATION_CONDITIONS = DEBUG;
				SWIFT_OPTIMIZATION_LEVEL = "-Onone";
			};
			name = Debug;
		};
		D59056E723433EB5001BC550 /* Release */ = {
			isa = XCBuildConfiguration;
			buildSettings = {
				ALWAYS_SEARCH_USER_PATHS = NO;
				CLANG_ANALYZER_NONNULL = YES;
				CLANG_ANALYZER_NUMBER_OBJECT_CONVERSION = YES_AGGRESSIVE;
				CLANG_CXX_LANGUAGE_STANDARD = "gnu++14";
				CLANG_CXX_LIBRARY = "libc++";
				CLANG_ENABLE_MODULES = YES;
				CLANG_ENABLE_OBJC_ARC = YES;
				CLANG_ENABLE_OBJC_WEAK = YES;
				CLANG_WARN_BLOCK_CAPTURE_AUTORELEASING = YES;
				CLANG_WARN_BOOL_CONVERSION = YES;
				CLANG_WARN_COMMA = YES;
				CLANG_WARN_CONSTANT_CONVERSION = YES;
				CLANG_WARN_DEPRECATED_OBJC_IMPLEMENTATIONS = YES;
				CLANG_WARN_DIRECT_OBJC_ISA_USAGE = YES_ERROR;
				CLANG_WARN_DOCUMENTATION_COMMENTS = YES;
				CLANG_WARN_EMPTY_BODY = YES;
				CLANG_WARN_ENUM_CONVERSION = YES;
				CLANG_WARN_INFINITE_RECURSION = YES;
				CLANG_WARN_INT_CONVERSION = YES;
				CLANG_WARN_NON_LITERAL_NULL_CONVERSION = YES;
				CLANG_WARN_OBJC_IMPLICIT_RETAIN_SELF = YES;
				CLANG_WARN_OBJC_LITERAL_CONVERSION = YES;
				CLANG_WARN_OBJC_ROOT_CLASS = YES_ERROR;
				CLANG_WARN_RANGE_LOOP_ANALYSIS = YES;
				CLANG_WARN_STRICT_PROTOTYPES = YES;
				CLANG_WARN_SUSPICIOUS_MOVE = YES;
				CLANG_WARN_UNGUARDED_AVAILABILITY = YES_AGGRESSIVE;
				CLANG_WARN_UNREACHABLE_CODE = YES;
				CLANG_WARN__DUPLICATE_METHOD_MATCH = YES;
				COPY_PHASE_STRIP = NO;
				DEBUG_INFORMATION_FORMAT = "dwarf-with-dsym";
				ENABLE_NS_ASSERTIONS = NO;
				ENABLE_STRICT_OBJC_MSGSEND = YES;
				GCC_C_LANGUAGE_STANDARD = gnu11;
				GCC_NO_COMMON_BLOCKS = YES;
				GCC_WARN_64_TO_32_BIT_CONVERSION = YES;
				GCC_WARN_ABOUT_RETURN_TYPE = YES_ERROR;
				GCC_WARN_UNDECLARED_SELECTOR = YES;
				GCC_WARN_UNINITIALIZED_AUTOS = YES_AGGRESSIVE;
				GCC_WARN_UNUSED_FUNCTION = YES;
				GCC_WARN_UNUSED_VARIABLE = YES;
				IPHONEOS_DEPLOYMENT_TARGET = 13.0;
				MTL_ENABLE_DEBUG_INFO = NO;
				MTL_FAST_MATH = YES;
				SDKROOT = iphoneos;
				SWIFT_COMPILATION_MODE = wholemodule;
				SWIFT_OPTIMIZATION_LEVEL = "-O";
				VALIDATE_PRODUCT = YES;
			};
			name = Release;
		};
		D59056E923433EB5001BC550 /* Debug */ = {
			isa = XCBuildConfiguration;
			buildSettings = {
				ASSETCATALOG_COMPILER_APPICON_NAME = AppIcon;
				CODE_SIGN_STYLE = Automatic;
				DEVELOPMENT_ASSET_PATHS = "\"DataFlowSample/Preview Content\"";
				DEVELOPMENT_TEAM = K75PB9VKYT;
				ENABLE_PREVIEWS = YES;
				INFOPLIST_FILE = DataFlowSample/Info.plist;
				LD_RUNPATH_SEARCH_PATHS = (
					"$(inherited)",
					"@executable_path/Frameworks",
				);
				PRODUCT_BUNDLE_IDENTIFIER = jp.classmethod.DataFlowSample;
				PRODUCT_NAME = "$(TARGET_NAME)";
				SWIFT_VERSION = 5.0;
				TARGETED_DEVICE_FAMILY = "1,2";
			};
			name = Debug;
		};
		D59056EA23433EB5001BC550 /* Release */ = {
			isa = XCBuildConfiguration;
			buildSettings = {
				ASSETCATALOG_COMPILER_APPICON_NAME = AppIcon;
				CODE_SIGN_STYLE = Automatic;
				DEVELOPMENT_ASSET_PATHS = "\"DataFlowSample/Preview Content\"";
				DEVELOPMENT_TEAM = K75PB9VKYT;
				ENABLE_PREVIEWS = YES;
				INFOPLIST_FILE = DataFlowSample/Info.plist;
				LD_RUNPATH_SEARCH_PATHS = (
					"$(inherited)",
					"@executable_path/Frameworks",
				);
				PRODUCT_BUNDLE_IDENTIFIER = jp.classmethod.DataFlowSample;
				PRODUCT_NAME = "$(TARGET_NAME)";
				SWIFT_VERSION = 5.0;
				TARGETED_DEVICE_FAMILY = "1,2";
			};
			name = Release;
		};
/* End XCBuildConfiguration section */

/* Begin XCConfigurationList section */
		D59056CF23433EB3001BC550 /* Build configuration list for PBXProject "DataFlowSample" */ = {
			isa = XCConfigurationList;
			buildConfigurations = (
				D59056E623433EB5001BC550 /* Debug */,
				D59056E723433EB5001BC550 /* Release */,
			);
			defaultConfigurationIsVisible = 0;
			defaultConfigurationName = Release;
		};
		D59056E823433EB5001BC550 /* Build configuration list for PBXNativeTarget "DataFlowSample" */ = {
			isa = XCConfigurationList;
			buildConfigurations = (
				D59056E923433EB5001BC550 /* Debug */,
				D59056EA23433EB5001BC550 /* Release */,
			);
			defaultConfigurationIsVisible = 0;
			defaultConfigurationName = Release;
		};
/* End XCConfigurationList section */
	};
	rootObject = D59056CC23433EB3001BC550 /* Project object */;
}
